
Microsoft Visual Studio Solution File, Format Version 12.00
# Visual Studio Version 17
VisualStudioVersion = 17.4.33103.184
MinimumVisualStudioVersion = 10.0.40219.1
Project("{FAE04EC0-301F-11D3-BF4B-00C04F79EFBC}") = "TestMail", "TestMail\TestMail.csproj", "{80CAB43F-217D-482C-B39D-EC3F4B0D89C5}"
EndProject
Global
	GlobalSection(SolutionConfigurationPlatforms) = preSolution
		Debug|Any CPU = Debug|Any CPU
		Release|Any CPU = Release|Any CPU
	EndGlobalSection
	GlobalSection(ProjectConfigurationPlatforms) = postSolution
		{80CAB43F-217D-482C-B39D-EC3F4B0D89C5}.Debug|Any CPU.ActiveCfg = Debug|Any CPU
		{80CAB43F-217D-482C-B39D-EC3F4B0D89C5}.Debug|Any CPU.Build.0 = Debug|Any CPU
		{80CAB43F-217D-482C-B39D-EC3F4B0D89C5}.Release|Any CPU.ActiveCfg = Release|Any CPU
		{80CAB43F-217D-482C-B39D-EC3F4B0D89C5}.Release|Any CPU.Build.0 = Release|Any CPU
	EndGlobalSection
	GlobalSection(SolutionProperties) = preSolution
		HideSolutionNode = FALSE
	EndGlobalSection
	GlobalSection(ExtensibilityGlobals) = postSolution
		SolutionGuid = {49B2931D-8A5A-4B50-A38B-C31239B5CBDF}
	EndGlobalSection
EndGlobal
